{
  "name": "@hugomods/prettier-config",
  "version": "0.2.0",
  "lockfileVersion": 3,
  "requires": true,
  "packages": {
    "": {
      "name": "@hugomods/prettier-config",
      "version": "0.2.0",
      "license": "MIT",
      "dependencies": {
        "prettier": "^3.0.0",
        "prettier-plugin-go-template": "^0.0.15",
        "prettier-plugin-toml": "^3.0.0"
      }
    },
    "node_modules/@dual-bundle/import-meta-resolve": {
      "version": "4.2.1",
      "resolved": "https://registry.npmjs.org/@dual-bundle/import-meta-resolve/-/import-meta-resolve-4.2.1.tgz",
      "integrity": "sha512-id+7YRUgoUX6CgV0DtuhirQWodeeA7Lf4i2x71JS/vtA5pRb/hIGWlw+G6MeXvsM+MXrz0VAydTGElX1rAfgPg==",
      "license": "MIT",
      "funding": {
        "type": "github",
        "url": "https://github.com/sponsors/JounQin"
      }
    },
    "node_modules/@tombi-toml/wasm-lib": {
      "version": "1.5.5",
      "resolved": "https://registry.npmjs.org/@tombi-toml/wasm-lib/-/wasm-lib-1.5.5.tgz",
      "integrity": "sha512-KFWLTDwNnAsyBqtCmijXxkvfvYVotyEAsT+vt+tZ4ICblklRfpfCI2fxkrSTAwpFYL/u9Ll/iHEf13hEzvFD9Q=="
    },
    "node_modules/prettier": {
      "version": "3.9.9",
      "resolved": "https://registry.npmjs.org/prettier/-/prettier-3.9.9.tgz",
      "integrity": "sha512-Z/CJHIkdujO/OtN7nXUii0Rf3VT5SRuhjBA82Xvu2XhBUgX3nhP67T0LHceBdQLex7OOFGTox+Q5Yg8Jk2Qivg==",
      "license": "MIT",
      "bin": {
        "prettier": "bin/prettier.cjs"
      },
      "engines": {
        "node": ">=14"
      },
      "funding": {
        "url": "https://github.com/prettier/prettier?sponsor=1"
      }
    },
    "node_modules/prettier-plugin-go-template": {
      "version": "0.0.15",
      "resolved": "https://registry.npmmirror.com/prettier-plugin-go-template/-/prettier-plugin-go-template-0.0.15.tgz",
      "integrity": "sha512-WqU92E1NokWYNZ9mLE6ijoRg6LtIGdLMePt2C7UBDjXeDH9okcRI3zRqtnWR4s5AloiqyvZ66jNBAa9tmRY5EQ==",
      "dependencies": {
        "ulid": "^2.3.0"
      },
      "engines": {
        "node": ">=14.0.0"
      },
      "peerDependencies": {
        "prettier": "^3.0.0"
      }
    },
    "node_modules/prettier-plugin-toml": {
      "version": "3.0.2",
      "resolved": "https://registry.npmjs.org/prettier-plugin-toml/-/prettier-plugin-toml-3.0.2.tgz",
      "integrity": "sha512-1t1FOSGaXNy7xN6ffE7ND71VqsnbUtanGEKAD1hTwFDrGIH1cwZ0KH6lMThDVItjdV/UUJWqD3f1+16AHG3eUQ==",
      "license": "MIT",
      "dependencies": {
        "@dual-bundle/import-meta-resolve": "^4.2.1",
        "@tombi-toml/wasm-lib": "^1.5.5",
        "smol-toml": "^1.8.0"
      },
      "engines": {
        "node": ">=18.0.0"
      },
      "funding": {
        "url": "https://opencollective.com/unts"
      },
      "peerDependencies": {
        "prettier": "^3.0.3"
      }
    },
    "node_modules/smol-toml": {
      "version": "1.9.0",
      "resolved": "https://registry.npmjs.org/smol-toml/-/smol-toml-1.9.0.tgz",
      "integrity": "sha512-hpd+HLON7HdZXqYchMM/+LaTTbdK0AU3NngIJ4KVyWbY9bfQqdL9cD+4yf6dUoU2Ap4VsU0JkQi6FxAI1B2mXQ==",
      "license": "BSD-3-Clause",
      "engines": {
        "node": ">= 18"
      },
      "funding": {
        "url": "https://github.com/sponsors/cyyynthia"
      }
    },
    "node_modules/ulid": {
      "version": "2.3.0",
      "resolved": "https://registry.npmmirror.com/ulid/-/ulid-2.3.0.tgz",
      "integrity": "sha512-keqHubrlpvT6G2wH0OEfSW4mquYRcbe/J8NMmveoQOjUqmo+hXtO+ORCpWhdbZ7k72UtY61BL7haGxW6enBnjw==",
      "bin": {
        "ulid": "bin/cli.js"
      }
    }
  }
}
