{
  "name": "@hugomods/prettier-config",
  "version": "0.1.1",
  "lockfileVersion": 3,
  "requires": true,
  "packages": {
    "": {
      "name": "@hugomods/prettier-config",
      "version": "0.1.1",
      "license": "MIT",
      "dependencies": {
        "prettier": "^3.0.0",
        "prettier-plugin-go-template": "^0.0.15",
        "prettier-plugin-toml": "^2.0.1"
      }
    },
    "node_modules/@taplo/core": {
      "version": "0.1.1",
      "resolved": "https://registry.npmmirror.com/@taplo/core/-/core-0.1.1.tgz",
      "integrity": "sha512-BG/zLGf5wiNXGEVPvUAAX/4ilB3PwDUY2o0MV0y47mZbDZ9ad9UK/cIQsILat3bqbPJsALVbU6k3cskNZ3vAQg=="
    },
    "node_modules/@taplo/lib": {
      "version": "0.4.0-alpha.2",
      "resolved": "https://registry.npmmirror.com/@taplo/lib/-/lib-0.4.0-alpha.2.tgz",
      "integrity": "sha512-DV/Re3DPVY+BhBtLZ3dmP4mP6YMLSsgq9qGLXwOV38lvNF/fBlgvQswzlXmzCEefL/3q2eMoefZpOI/+GLuCNA==",
      "dependencies": {
        "@taplo/core": "^0.1.0"
      }
    },
    "node_modules/prettier": {
      "version": "3.3.1",
      "resolved": "https://registry.npmjs.org/prettier/-/prettier-3.3.1.tgz",
      "integrity": "sha512-7CAwy5dRsxs8PHXT3twixW9/OEll8MLE0VRPCJyl7CkS6VHGPSlsVaWTiASPTyGyYRyApxlaWTzwUxVNrhcwDg==",
      "license": "MIT",
      "bin": {
        "prettier": "bin/prettier.cjs"
      },
      "engines": {
        "node": ">=14"
      },
      "funding": {
        "url": "https://github.com/prettier/prettier?sponsor=1"
      }
    },
    "node_modules/prettier-plugin-go-template": {
      "version": "0.0.15",
      "resolved": "https://registry.npmmirror.com/prettier-plugin-go-template/-/prettier-plugin-go-template-0.0.15.tgz",
      "integrity": "sha512-WqU92E1NokWYNZ9mLE6ijoRg6LtIGdLMePt2C7UBDjXeDH9okcRI3zRqtnWR4s5AloiqyvZ66jNBAa9tmRY5EQ==",
      "dependencies": {
        "ulid": "^2.3.0"
      },
      "engines": {
        "node": ">=14.0.0"
      },
      "peerDependencies": {
        "prettier": "^3.0.0"
      }
    },
    "node_modules/prettier-plugin-toml": {
      "version": "2.0.1",
      "resolved": "https://registry.npmmirror.com/prettier-plugin-toml/-/prettier-plugin-toml-2.0.1.tgz",
      "integrity": "sha512-99z1YOkViECHtXQjGIigd3talI/ybUI1zB3yniAwUrlWBXupNXThB1hM6bwSMUEj2/+tomTlMtT98F5t4s8IWA==",
      "dependencies": {
        "@taplo/lib": "^0.4.0-alpha.2"
      },
      "engines": {
        "node": ">=16.0.0"
      },
      "funding": {
        "url": "https://opencollective.com/unts"
      },
      "peerDependencies": {
        "prettier": "^3.0.3"
      }
    },
    "node_modules/ulid": {
      "version": "2.3.0",
      "resolved": "https://registry.npmmirror.com/ulid/-/ulid-2.3.0.tgz",
      "integrity": "sha512-keqHubrlpvT6G2wH0OEfSW4mquYRcbe/J8NMmveoQOjUqmo+hXtO+ORCpWhdbZ7k72UtY61BL7haGxW6enBnjw==",
      "bin": {
        "ulid": "bin/cli.js"
      }
    }
  }
}
